
Microsoft Visual Studio Solution File, Format Version 12.00
# Visual Studio Version 16
VisualStudioVersion = 16.0.31005.135
MinimumVisualStudioVersion = 10.0.40219.1
Project("{FAE04EC0-301F-11D3-BF4B-00C04F79EFBC}") = "FGLWebAPIPOC", "FGLWebAPIPOC.csproj", "{9DF5BE1D-0564-45B3-8E55-099036545B9B}"
EndProject
Global
	GlobalSection(SolutionConfigurationPlatforms) = preSolution
		Debug|Any CPU = Debug|Any CPU
		Release|Any CPU = Release|Any CPU
	EndGlobalSection
	GlobalSection(ProjectConfigurationPlatforms) = postSolution
		{9DF5BE1D-0564-45B3-8E55-099036545B9B}.Debug|Any CPU.ActiveCfg = Debug|Any CPU
		{9DF5BE1D-0564-45B3-8E55-099036545B9B}.Debug|Any CPU.Build.0 = Debug|Any CPU
		{9DF5BE1D-0564-45B3-8E55-099036545B9B}.Release|Any CPU.ActiveCfg = Release|Any CPU
		{9DF5BE1D-0564-45B3-8E55-099036545B9B}.Release|Any CPU.Build.0 = Release|Any CPU
	EndGlobalSection
	GlobalSection(SolutionProperties) = preSolution
		HideSolutionNode = FALSE
	EndGlobalSection
	GlobalSection(ExtensibilityGlobals) = postSolution
		SolutionGuid = {B039ED1A-5835-4E23-8219-8861C53F21AE}
	EndGlobalSection
EndGlobal
